# THIS IS AN AUTOGENERATED FILE. DO NOT EDIT THIS FILE DIRECTLY.
# yarn lockfile v1


"@adraffy/ens-normalize@1.10.0":
  version "1.10.0"
  resolved "https://registry.npmjs.org/@adraffy/ens-normalize/-/ens-normalize-1.10.0.tgz"
  integrity sha512-nA9XHtlAkYfJxY7bce8DcN7eKxWWCWkU+1GR9d+U6MbNpfwQp8TI7vqOsBsMcHoT4mBu2kypKoSKnghEzOOq5Q==

"@noble/curves@^1.4.0", "@noble/curves@~1.4.0", "@noble/curves@1.4.0":
  version "1.4.0"
  resolved "https://registry.npmjs.org/@noble/curves/-/curves-1.4.0.tgz"
  integrity sha512-p+4cb332SFCrReJkCYe8Xzm0OWi4Jji5jVdIZRL/PmacmDkFNw6MrrV+gGpiPxLHbV+zKFRywUWbaseT+tZRXg==
  dependencies:
    "@noble/hashes" "1.4.0"

"@noble/hashes@^1.4.0", "@noble/hashes@~1.4.0", "@noble/hashes@1.4.0":
  version "1.4.0"
  resolved "https://registry.npmjs.org/@noble/hashes/-/hashes-1.4.0.tgz"
  integrity sha512-V1JJ1WTRUqHHrOSh597hURcMqVKVGL/ea3kv0gSnEdsEZ0/+VyPghM1lMNGc00z7CIQorSvbKpuJkxvuHbvdbg==

"@scure/base@~1.1.6":
  version "1.1.8"
  resolved "https://registry.npmjs.org/@scure/base/-/base-1.1.8.tgz"
  integrity sha512-6CyAclxj3Nb0XT7GHK6K4zK6k2xJm6E4Ft0Ohjt4WgegiFUHEtFb2CGzmPmGBwoIhrLsqNLYfLr04Y1GePrzZg==

"@scure/bip32@1.4.0":
  version "1.4.0"
  resolved "https://registry.npmjs.org/@scure/bip32/-/bip32-1.4.0.tgz"
  integrity sha512-sVUpc0Vq3tXCkDGYVWGIZTRfnvu8LoTDaev7vbwh0omSvVORONr960MQWdKqJDCReIEmTj3PAr73O3aoxz7OPg==
  dependencies:
    "@noble/curves" "~1.4.0"
    "@noble/hashes" "~1.4.0"
    "@scure/base" "~1.1.6"

"@scure/bip39@1.3.0":
  version "1.3.0"
  resolved "https://registry.npmjs.org/@scure/bip39/-/bip39-1.3.0.tgz"
  integrity sha512-disdg7gHuTDZtY+ZdkmLpPCk7fxZSu3gBiEGuoC1XYxv9cGx3Z6cpTggCgW6odSOOIXCiDjuGejW+aJKCY/pIQ==
  dependencies:
    "@noble/hashes" "~1.4.0"
    "@scure/base" "~1.1.6"

abitype@1.0.5:
  version "1.0.5"
  resolved "https://registry.npmjs.org/abitype/-/abitype-1.0.5.tgz"
  integrity sha512-YzDhti7cjlfaBhHutMaboYB21Ha3rXR9QTkNJFzYC4kC8YclaiwPBBBJY8ejFdu2wnJeZCVZSMlQJ7fi8S6hsw==

isows@1.0.4:
  version "1.0.4"
  resolved "https://registry.npmjs.org/isows/-/isows-1.0.4.tgz"
  integrity sha512-hEzjY+x9u9hPmBom9IIAqdJCwNLax+xrPb51vEPpERoFlIxgmZcHzsT5jKG06nvInKOBGvReAVz80Umed5CczQ==

permissionless@^0.2.00:
  version "0.2.0"
  resolved "https://registry.npmjs.org/permissionless/-/permissionless-0.2.0.tgz"
  integrity sha512-ivUDCDydjg5U62P5PqBKPm8zMgXvXUHedIn85E5zh2/1Olk/zbrVfeBXPyNRrBP/6C8M+P600a0n/GHvekrjcQ==

viem@^2.20.0, viem@^2.21.0:
  version "2.21.1"
  resolved "https://registry.npmjs.org/viem/-/viem-2.21.1.tgz"
  integrity sha512-nlIc2LLS6aqkngULS9UJ2Sg3nHKAgF9bbpDUwjUoAUBijd69mrCWPBXQ8jmbzcx12uZUfd9Nc//CHgSVZiMwyg==
  dependencies:
    "@adraffy/ens-normalize" "1.10.0"
    "@noble/curves" "1.4.0"
    "@noble/hashes" "1.4.0"
    "@scure/bip32" "1.4.0"
    "@scure/bip39" "1.3.0"
    abitype "1.0.5"
    isows "1.0.4"
    webauthn-p256 "0.0.5"
    ws "8.17.1"

webauthn-p256@0.0.5:
  version "0.0.5"
  resolved "https://registry.npmjs.org/webauthn-p256/-/webauthn-p256-0.0.5.tgz"
  integrity sha512-drMGNWKdaixZNobeORVIqq7k5DsRC9FnG201K2QjeOoQLmtSDaSsVZdkg6n5jUALJKcAG++zBPJXmv6hy0nWFg==
  dependencies:
    "@noble/curves" "^1.4.0"
    "@noble/hashes" "^1.4.0"

ws@*, ws@8.17.1:
  version "8.17.1"
  resolved "https://registry.npmjs.org/ws/-/ws-8.17.1.tgz"
  integrity sha512-6XQFvXTkbfUOZOKKILFG1PDK2NDQs4azKQl26T0YS5CxqWLgXajbPZ+h4gZekJyRqFU8pvnbAbbs/3TgRPy+GQ==
