# THIS IS AN AUTOGENERATED FILE. DO NOT EDIT THIS FILE DIRECTLY.
# yarn lockfile v1


"@adraffy/ens-normalize@1.10.0":
  version "1.10.0"
  resolved "https://registry.yarnpkg.com/@adraffy/ens-normalize/-/ens-normalize-1.10.0.tgz#d2a39395c587e092d77cbbc80acf956a54f38bf7"
  integrity sha512-nA9XHtlAkYfJxY7bce8DcN7eKxWWCWkU+1GR9d+U6MbNpfwQp8TI7vqOsBsMcHoT4mBu2kypKoSKnghEzOOq5Q==

"@noble/curves@1.2.0", "@noble/curves@~1.2.0":
  version "1.2.0"
  resolved "https://registry.yarnpkg.com/@noble/curves/-/curves-1.2.0.tgz#92d7e12e4e49b23105a2555c6984d41733d65c35"
  integrity sha512-oYclrNgRaM9SsBUBVbb8M6DTV7ZHRTKugureoYEncY5c65HOmRzvSiTE3y5CYaPYJA/GVkrhXEoF0M3Ya9PMnw==
  dependencies:
    "@noble/hashes" "1.3.2"

"@noble/hashes@1.3.2":
  version "1.3.2"
  resolved "https://registry.yarnpkg.com/@noble/hashes/-/hashes-1.3.2.tgz#6f26dbc8fbc7205873ce3cee2f690eba0d421b39"
  integrity sha512-MVC8EAQp7MvEcm30KWENFjgR+Mkmf+D189XJTkFIlwohU5hcBbn1ZkKq7KVTi2Hme3PMGF390DaL52beVrIihQ==

"@noble/hashes@~1.3.0", "@noble/hashes@~1.3.2":
  version "1.3.3"
  resolved "https://registry.yarnpkg.com/@noble/hashes/-/hashes-1.3.3.tgz#39908da56a4adc270147bb07968bf3b16cfe1699"
  integrity sha512-V7/fPHgl+jsVPXqqeOzT8egNj2iBIVt+ECeMMG8TdcnTikP3oaBtUVqpT/gYCR68aEBJSF+XbYUxStjbFMqIIA==

"@scure/base@~1.1.0", "@scure/base@~1.1.2":
  version "1.1.5"
  resolved "https://registry.yarnpkg.com/@scure/base/-/base-1.1.5.tgz#1d85d17269fe97694b9c592552dd9e5e33552157"
  integrity sha512-Brj9FiG2W1MRQSTB212YVPRrcbjkv48FoZi/u4l/zds/ieRrqsh7aUf6CLwkAq61oKXr/ZlTzlY66gLIj3TFTQ==

"@scure/bip32@1.3.2":
  version "1.3.2"
  resolved "https://registry.yarnpkg.com/@scure/bip32/-/bip32-1.3.2.tgz#90e78c027d5e30f0b22c1f8d50ff12f3fb7559f8"
  integrity sha512-N1ZhksgwD3OBlwTv3R6KFEcPojl/W4ElJOeCZdi+vuI5QmTFwLq3OFf2zd2ROpKvxFdgZ6hUpb0dx9bVNEwYCA==
  dependencies:
    "@noble/curves" "~1.2.0"
    "@noble/hashes" "~1.3.2"
    "@scure/base" "~1.1.2"

"@scure/bip39@1.2.1":
  version "1.2.1"
  resolved "https://registry.yarnpkg.com/@scure/bip39/-/bip39-1.2.1.tgz#5cee8978656b272a917b7871c981e0541ad6ac2a"
  integrity sha512-Z3/Fsz1yr904dduJD0NpiyRHhRYHdcnyh73FZWiV+/qhWi83wNJ3NWolYqCEN+ZWsUz2TWwajJggcRE9r1zUYg==
  dependencies:
    "@noble/hashes" "~1.3.0"
    "@scure/base" "~1.1.0"

abitype@1.0.0:
  version "1.0.0"
  resolved "https://registry.yarnpkg.com/abitype/-/abitype-1.0.0.tgz#237176dace81d90d018bebf3a45cb42f2a2d9e97"
  integrity sha512-NMeMah//6bJ56H5XRj8QCV4AwuW6hB6zqz2LnhhLdcWVQOsXki6/Pn3APeqxCma62nXIcmZWdu1DlHWS74umVQ==

isows@1.0.3:
  version "1.0.3"
  resolved "https://registry.yarnpkg.com/isows/-/isows-1.0.3.tgz#93c1cf0575daf56e7120bab5c8c448b0809d0d74"
  integrity sha512-2cKei4vlmg2cxEjm3wVSqn8pcoRF/LX/wpifuuNquFO4SQmPwarClT+SUCA2lt+l581tTeZIPIZuIDo2jWN1fg==

permissionless@^0.0.36:
  version "0.0.36"
  resolved "https://registry.yarnpkg.com/permissionless/-/permissionless-0.0.36.tgz#f8faf65741ce4bc8f30a6c24d91137baa01b8c68"
  integrity sha512-1/+N3zzFn2vjKZm6aol3eXsFO34d68/GAhKypq2iucFEPrgM5sdq3I5sOK+RrKuGIy8/Bix+IoHhtg0XCDPMOA==

viem@^2.7.13:
  version "2.7.13"
  resolved "https://registry.yarnpkg.com/viem/-/viem-2.7.13.tgz#bf3f8e973f532f9f9c86c97b645ac8add740e1bd"
  integrity sha512-NGWLEocRp2UTqGidzI9bnL9u6WHlG2ik7IwqXNe6/QC2dL6jE3Z1mUnUUVcSx71h81nx74EflD9ahtleK3RQdA==
  dependencies:
    "@adraffy/ens-normalize" "1.10.0"
    "@noble/curves" "1.2.0"
    "@noble/hashes" "1.3.2"
    "@scure/bip32" "1.3.2"
    "@scure/bip39" "1.2.1"
    abitype "1.0.0"
    isows "1.0.3"
    ws "8.13.0"

ws@8.13.0:
  version "8.13.0"
  resolved "https://registry.yarnpkg.com/ws/-/ws-8.13.0.tgz#9a9fb92f93cf41512a0735c8f4dd09b8a1211cd0"
  integrity sha512-x9vcZYTrFPC7aSIbj7sRCYo7L/Xb8Iy+pW0ng0wt2vCJv7M9HOMy0UoN3rr+IFC7hb7vXoqS+P9ktyLLLhO+LA==
